// !$*UTF8*$!
{
	archiveVersion = 1;
	classes = {
	};
	objectVersion = 77;
	objects = {

/* Begin PBXBuildFile section */
		087EB1CD7D40F11BF958EEEC /* AttendanceHistoryView.swift in Sources */ = {isa = PBXBuildFile; fileRef = 1BE480E37794C8DA04196D0F /* AttendanceHistoryView.swift */; };
		17ACA9903F9AA9980D48E5DE /* FeeRecord.swift in Sources */ = {isa = PBXBuildFile; fileRef = 865AE8637D611F7A2EC2233E /* FeeRecord.swift */; };
		18BC6206A1866903F2EC00D5 /* EmptyStateView.swift in Sources */ = {isa = PBXBuildFile; fileRef = D782295C34F33716714E6C31 /* EmptyStateView.swift */; };
		2EF7FC581AB34BB23266FA14 /* FeeOverviewView.swift in Sources */ = {isa = PBXBuildFile; fileRef = 422A9219F2A1D2CCB2A73C84 /* FeeOverviewView.swift */; };
		5BFED5C78C425B953F043226 /* GroupsListView.swift in Sources */ = {isa = PBXBuildFile; fileRef = 949BF58B876B3AC9E2F2FE01 /* GroupsListView.swift */; };
		618F168C26E5ACB357090CF6 /* Color+Hex.swift in Sources */ = {isa = PBXBuildFile; fileRef = 1E6074B8C02A2EB169F3E488 /* Color+Hex.swift */; };
		6294A9ACB9BF41ADC7EA87B2 /* PlayerListView.swift in Sources */ = {isa = PBXBuildFile; fileRef = F261ECDDD76AE97EC83BC6B8 /* PlayerListView.swift */; };
		6E68AA5A2906C1E6977E419F /* AttendanceSession.swift in Sources */ = {isa = PBXBuildFile; fileRef = B995FC182CFA6BAA79E98C19 /* AttendanceSession.swift */; };
		714E23B7200D3D073BD7E29A /* GroupDetailView.swift in Sources */ = {isa = PBXBuildFile; fileRef = 4ED697E42F3AB89BE527091F /* GroupDetailView.swift */; };
		765916EB2D468540471298B1 /* SettingsView.swift in Sources */ = {isa = PBXBuildFile; fileRef = 3C71EF1ACBA78EA11B928AFD /* SettingsView.swift */; };
		76D681BC6437D6FFD1072DD5 /* AddEditGroupView.swift in Sources */ = {isa = PBXBuildFile; fileRef = 1677789E61D19C8452073D5E /* AddEditGroupView.swift */; };
		76EDC2CCC229BA0E2845C648 /* GroupCardView.swift in Sources */ = {isa = PBXBuildFile; fileRef = 32F9E116E1A04D5BE3422F91 /* GroupCardView.swift */; };
		7C0E9C4E8AF2EE74726EFC1B /* TeamGroup.swift in Sources */ = {isa = PBXBuildFile; fileRef = FEFB7C3A4D14789D427BC3B6 /* TeamGroup.swift */; };
		865D74BAC4EA31CE8D34708C /* AttendanceSessionView.swift in Sources */ = {isa = PBXBuildFile; fileRef = F142987670BB2E27689D76AB /* AttendanceSessionView.swift */; };
		BB3E8B9BE81E4C089F51CB8B /* Player.swift in Sources */ = {isa = PBXBuildFile; fileRef = 8060C3AFA01EBADDADAE7E37 /* Player.swift */; };
		BB3F30901F7B07C04FD130A7 /* AddEditPlayerView.swift in Sources */ = {isa = PBXBuildFile; fileRef = 74327E5041ADFBA7E1D563F9 /* AddEditPlayerView.swift */; };
		C7B98E1BE5C190A5FE09557F /* PlayerDetailView.swift in Sources */ = {isa = PBXBuildFile; fileRef = 564D3598EA317361C086F198 /* PlayerDetailView.swift */; };
		C8175399376CDC8916EE9A3E /* OnboardingView.swift in Sources */ = {isa = PBXBuildFile; fileRef = D7B2A9E2F30A167741582242 /* OnboardingView.swift */; };
		D34CDB6B27160148A2D27CE9 /* Coach.swift in Sources */ = {isa = PBXBuildFile; fileRef = 96EDCB5D45DA49CB0B87BC31 /* Coach.swift */; };
		DBA0B9DE3DD39E6D26D1695D /* VolleyCoachApp.swift in Sources */ = {isa = PBXBuildFile; fileRef = A2CA7D99F5D9BE418CC4DBB6 /* VolleyCoachApp.swift */; };
		EA124C97E0A15E0B62F04C95 /* AttendanceRecord.swift in Sources */ = {isa = PBXBuildFile; fileRef = AD9D3E258254F4C522F6F3F9 /* AttendanceRecord.swift */; };
		EFC8234FDDAD20E81D5740CE /* PlayerPhotoView.swift in Sources */ = {isa = PBXBuildFile; fileRef = 9E002F48568426F5EB2E0422 /* PlayerPhotoView.swift */; };
/* End PBXBuildFile section */

/* Begin PBXFileReference section */
		1677789E61D19C8452073D5E /* AddEditGroupView.swift */ = {isa = PBXFileReference; lastKnownFileType = sourcecode.swift; path = AddEditGroupView.swift; sourceTree = "<group>"; };
		1BE480E37794C8DA04196D0F /* AttendanceHistoryView.swift */ = {isa = PBXFileReference; lastKnownFileType = sourcecode.swift; path = AttendanceHistoryView.swift; sourceTree = "<group>"; };
		1E6074B8C02A2EB169F3E488 /* Color+Hex.swift */ = {isa = PBXFileReference; lastKnownFileType = sourcecode.swift; path = "Color+Hex.swift"; sourceTree = "<group>"; };
		32F9E116E1A04D5BE3422F91 /* GroupCardView.swift */ = {isa = PBXFileReference; lastKnownFileType = sourcecode.swift; path = GroupCardView.swift; sourceTree = "<group>"; };
		3C71EF1ACBA78EA11B928AFD /* SettingsView.swift */ = {isa = PBXFileReference; lastKnownFileType = sourcecode.swift; path = SettingsView.swift; sourceTree = "<group>"; };
		422A9219F2A1D2CCB2A73C84 /* FeeOverviewView.swift */ = {isa = PBXFileReference; lastKnownFileType = sourcecode.swift; path = FeeOverviewView.swift; sourceTree = "<group>"; };
		4ED697E42F3AB89BE527091F /* GroupDetailView.swift */ = {isa = PBXFileReference; lastKnownFileType = sourcecode.swift; path = GroupDetailView.swift; sourceTree = "<group>"; };
		564D3598EA317361C086F198 /* PlayerDetailView.swift */ = {isa = PBXFileReference; lastKnownFileType = sourcecode.swift; path = PlayerDetailView.swift; sourceTree = "<group>"; };
		74327E5041ADFBA7E1D563F9 /* AddEditPlayerView.swift */ = {isa = PBXFileReference; lastKnownFileType = sourcecode.swift; path = AddEditPlayerView.swift; sourceTree = "<group>"; };
		8060C3AFA01EBADDADAE7E37 /* Player.swift */ = {isa = PBXFileReference; lastKnownFileType = sourcecode.swift; path = Player.swift; sourceTree = "<group>"; };
		865AE8637D611F7A2EC2233E /* FeeRecord.swift */ = {isa = PBXFileReference; lastKnownFileType = sourcecode.swift; path = FeeRecord.swift; sourceTree = "<group>"; };
		949BF58B876B3AC9E2F2FE01 /* GroupsListView.swift */ = {isa = PBXFileReference; lastKnownFileType = sourcecode.swift; path = GroupsListView.swift; sourceTree = "<group>"; };
		96EDCB5D45DA49CB0B87BC31 /* Coach.swift */ = {isa = PBXFileReference; lastKnownFileType = sourcecode.swift; path = Coach.swift; sourceTree = "<group>"; };
		9E002F48568426F5EB2E0422 /* PlayerPhotoView.swift */ = {isa = PBXFileReference; lastKnownFileType = sourcecode.swift; path = PlayerPhotoView.swift; sourceTree = "<group>"; };
		A2CA7D99F5D9BE418CC4DBB6 /* VolleyCoachApp.swift */ = {isa = PBXFileReference; lastKnownFileType = sourcecode.swift; path = VolleyCoachApp.swift; sourceTree = "<group>"; };
		AD9D3E258254F4C522F6F3F9 /* AttendanceRecord.swift */ = {isa = PBXFileReference; lastKnownFileType = sourcecode.swift; path = AttendanceRecord.swift; sourceTree = "<group>"; };
		B995FC182CFA6BAA79E98C19 /* AttendanceSession.swift */ = {isa = PBXFileReference; lastKnownFileType = sourcecode.swift; path = AttendanceSession.swift; sourceTree = "<group>"; };
		D782295C34F33716714E6C31 /* EmptyStateView.swift */ = {isa = PBXFileReference; lastKnownFileType = sourcecode.swift; path = EmptyStateView.swift; sourceTree = "<group>"; };
		D7B2A9E2F30A167741582242 /* OnboardingView.swift */ = {isa = PBXFileReference; lastKnownFileType = sourcecode.swift; path = OnboardingView.swift; sourceTree = "<group>"; };
		EFC45E15BA3E8DBA5DCE1BA9 /* VolleyCoach.app */ = {isa = PBXFileReference; includeInIndex = 0; lastKnownFileType = wrapper.application; path = VolleyCoach.app; sourceTree = BUILT_PRODUCTS_DIR; };
		F142987670BB2E27689D76AB /* AttendanceSessionView.swift */ = {isa = PBXFileReference; lastKnownFileType = sourcecode.swift; path = AttendanceSessionView.swift; sourceTree = "<group>"; };
		F261ECDDD76AE97EC83BC6B8 /* PlayerListView.swift */ = {isa = PBXFileReference; lastKnownFileType = sourcecode.swift; path = PlayerListView.swift; sourceTree = "<group>"; };
		FEFB7C3A4D14789D427BC3B6 /* TeamGroup.swift */ = {isa = PBXFileReference; lastKnownFileType = sourcecode.swift; path = TeamGroup.swift; sourceTree = "<group>"; };
/* End PBXFileReference section */

/* Begin PBXGroup section */
		0F8904EB3E920F225F968554 /* Components */ = {
			isa = PBXGroup;
			children = (
				D782295C34F33716714E6C31 /* EmptyStateView.swift */,
				9E002F48568426F5EB2E0422 /* PlayerPhotoView.swift */,
			);
			path = Components;
			sourceTree = "<group>";
		};
		17E004B4F29BACB149AFDEF1 /* Onboarding */ = {
			isa = PBXGroup;
			children = (
				D7B2A9E2F30A167741582242 /* OnboardingView.swift */,
			);
			path = Onboarding;
			sourceTree = "<group>";
		};
		2CFA77620F376B57C9AA1E53 /* VolleyCoach */ = {
			isa = PBXGroup;
			children = (
				A2CA7D99F5D9BE418CC4DBB6 /* VolleyCoachApp.swift */,
				301BDD04937381340043B31D /* Extensions */,
				ECB037C4CD629F612B3545C9 /* Models */,
				D360D9F4A0A137AB6E1A33EF /* Views */,
			);
			path = VolleyCoach;
			sourceTree = "<group>";
		};
		301BDD04937381340043B31D /* Extensions */ = {
			isa = PBXGroup;
			children = (
				1E6074B8C02A2EB169F3E488 /* Color+Hex.swift */,
			);
			path = Extensions;
			sourceTree = "<group>";
		};
		3D9D7E0C1CD55C68DBB32936 /* Products */ = {
			isa = PBXGroup;
			children = (
				EFC45E15BA3E8DBA5DCE1BA9 /* VolleyCoach.app */,
			);
			name = Products;
			sourceTree = "<group>";
		};
		876736EDD7DD71C5FDE971F7 /* Settings */ = {
			isa = PBXGroup;
			children = (
				3C71EF1ACBA78EA11B928AFD /* SettingsView.swift */,
			);
			path = Settings;
			sourceTree = "<group>";
		};
		A7FC68C55A77DFA66610A1C5 /* Attendance */ = {
			isa = PBXGroup;
			children = (
				1BE480E37794C8DA04196D0F /* AttendanceHistoryView.swift */,
				F142987670BB2E27689D76AB /* AttendanceSessionView.swift */,
			);
			path = Attendance;
			sourceTree = "<group>";
		};
		AD301D4799358F46EA8A4101 /* Players */ = {
			isa = PBXGroup;
			children = (
				74327E5041ADFBA7E1D563F9 /* AddEditPlayerView.swift */,
				564D3598EA317361C086F198 /* PlayerDetailView.swift */,
				F261ECDDD76AE97EC83BC6B8 /* PlayerListView.swift */,
			);
			path = Players;
			sourceTree = "<group>";
		};
		D360D9F4A0A137AB6E1A33EF /* Views */ = {
			isa = PBXGroup;
			children = (
				A7FC68C55A77DFA66610A1C5 /* Attendance */,
				0F8904EB3E920F225F968554 /* Components */,
				E7F8415DE538F2ACB6DA86D8 /* Fees */,
				F85454F84D30A7611D97A117 /* Groups */,
				17E004B4F29BACB149AFDEF1 /* Onboarding */,
				AD301D4799358F46EA8A4101 /* Players */,
				876736EDD7DD71C5FDE971F7 /* Settings */,
			);
			path = Views;
			sourceTree = "<group>";
		};
		E25343F59F268BF6BCBBC1FF = {
			isa = PBXGroup;
			children = (
				2CFA77620F376B57C9AA1E53 /* VolleyCoach */,
				3D9D7E0C1CD55C68DBB32936 /* Products */,
			);
			sourceTree = "<group>";
		};
		E7F8415DE538F2ACB6DA86D8 /* Fees */ = {
			isa = PBXGroup;
			children = (
				422A9219F2A1D2CCB2A73C84 /* FeeOverviewView.swift */,
			);
			path = Fees;
			sourceTree = "<group>";
		};
		ECB037C4CD629F612B3545C9 /* Models */ = {
			isa = PBXGroup;
			children = (
				AD9D3E258254F4C522F6F3F9 /* AttendanceRecord.swift */,
				B995FC182CFA6BAA79E98C19 /* AttendanceSession.swift */,
				96EDCB5D45DA49CB0B87BC31 /* Coach.swift */,
				865AE8637D611F7A2EC2233E /* FeeRecord.swift */,
				8060C3AFA01EBADDADAE7E37 /* Player.swift */,
				FEFB7C3A4D14789D427BC3B6 /* TeamGroup.swift */,
			);
			path = Models;
			sourceTree = "<group>";
		};
		F85454F84D30A7611D97A117 /* Groups */ = {
			isa = PBXGroup;
			children = (
				1677789E61D19C8452073D5E /* AddEditGroupView.swift */,
				32F9E116E1A04D5BE3422F91 /* GroupCardView.swift */,
				4ED697E42F3AB89BE527091F /* GroupDetailView.swift */,
				949BF58B876B3AC9E2F2FE01 /* GroupsListView.swift */,
			);
			path = Groups;
			sourceTree = "<group>";
		};
/* End PBXGroup section */

/* Begin PBXNativeTarget section */
		EBCF19ADE42E9BE2E500C8D4 /* VolleyCoach */ = {
			isa = PBXNativeTarget;
			buildConfigurationList = 33BF5768671650C79B13E061 /* Build configuration list for PBXNativeTarget "VolleyCoach" */;
			buildPhases = (
				78972D280C4EEA11FFC4CF7F /* Sources */,
			);
			buildRules = (
			);
			dependencies = (
			);
			name = VolleyCoach;
			packageProductDependencies = (
			);
			productName = VolleyCoach;
			productReference = EFC45E15BA3E8DBA5DCE1BA9 /* VolleyCoach.app */;
			productType = "com.apple.product-type.application";
		};
/* End PBXNativeTarget section */

/* Begin PBXProject section */
		4CB7E16F83294FBBCF224905 /* Project object */ = {
			isa = PBXProject;
			attributes = {
				BuildIndependentTargetsInParallel = YES;
				LastUpgradeCheck = 1430;
				TargetAttributes = {
					EBCF19ADE42E9BE2E500C8D4 = {
						DevelopmentTeam = "";
					};
				};
			};
			buildConfigurationList = 0E8B0763C706C6E0E909DBE9 /* Build configuration list for PBXProject "VolleyCoach" */;
			developmentRegion = en;
			hasScannedForEncodings = 0;
			knownRegions = (
				Base,
				en,
			);
			mainGroup = E25343F59F268BF6BCBBC1FF;
			minimizedProjectReferenceProxies = 1;
			preferredProjectObjectVersion = 77;
			productRefGroup = 3D9D7E0C1CD55C68DBB32936 /* Products */;
			projectDirPath = "";
			projectRoot = "";
			targets = (
				EBCF19ADE42E9BE2E500C8D4 /* VolleyCoach */,
			);
		};
/* End PBXProject section */

/* Begin PBXSourcesBuildPhase section */
		78972D280C4EEA11FFC4CF7F /* Sources */ = {
			isa = PBXSourcesBuildPhase;
			buildActionMask = 2147483647;
			files = (
				76D681BC6437D6FFD1072DD5 /* AddEditGroupView.swift in Sources */,
				BB3F30901F7B07C04FD130A7 /* AddEditPlayerView.swift in Sources */,
				087EB1CD7D40F11BF958EEEC /* AttendanceHistoryView.swift in Sources */,
				EA124C97E0A15E0B62F04C95 /* AttendanceRecord.swift in Sources */,
				6E68AA5A2906C1E6977E419F /* AttendanceSession.swift in Sources */,
				865D74BAC4EA31CE8D34708C /* AttendanceSessionView.swift in Sources */,
				D34CDB6B27160148A2D27CE9 /* Coach.swift in Sources */,
				618F168C26E5ACB357090CF6 /* Color+Hex.swift in Sources */,
				18BC6206A1866903F2EC00D5 /* EmptyStateView.swift in Sources */,
				2EF7FC581AB34BB23266FA14 /* FeeOverviewView.swift in Sources */,
				17ACA9903F9AA9980D48E5DE /* FeeRecord.swift in Sources */,
				76EDC2CCC229BA0E2845C648 /* GroupCardView.swift in Sources */,
				714E23B7200D3D073BD7E29A /* GroupDetailView.swift in Sources */,
				5BFED5C78C425B953F043226 /* GroupsListView.swift in Sources */,
				C8175399376CDC8916EE9A3E /* OnboardingView.swift in Sources */,
				BB3E8B9BE81E4C089F51CB8B /* Player.swift in Sources */,
				C7B98E1BE5C190A5FE09557F /* PlayerDetailView.swift in Sources */,
				6294A9ACB9BF41ADC7EA87B2 /* PlayerListView.swift in Sources */,
				EFC8234FDDAD20E81D5740CE /* PlayerPhotoView.swift in Sources */,
				765916EB2D468540471298B1 /* SettingsView.swift in Sources */,
				7C0E9C4E8AF2EE74726EFC1B /* TeamGroup.swift in Sources */,
				DBA0B9DE3DD39E6D26D1695D /* VolleyCoachApp.swift in Sources */,
			);
			runOnlyForDeploymentPostprocessing = 0;
		};
/* End PBXSourcesBuildPhase section */

/* Begin XCBuildConfiguration section */
		5881DC99025089318E426EDA /* Release */ = {
			isa = XCBuildConfiguration;
			buildSettings = {
				ASSETCATALOG_COMPILER_APPICON_NAME = AppIcon;
				CODE_SIGN_IDENTITY = "iPhone Developer";
				CURRENT_PROJECT_VERSION = 1;
				DEVELOPMENT_TEAM = "";
				GENERATE_INFOPLIST_FILE = YES;
				INFOPLIST_KEY_NSCameraUsageDescription = "Take photos directly for player profiles.";
				INFOPLIST_KEY_NSPhotoLibraryAddUsageDescription = "Save photos to your photo library.";
				INFOPLIST_KEY_NSPhotoLibraryUsageDescription = "Add player and coach profile photos.";
				INFOPLIST_KEY_UIApplicationSceneManifest_Generation = YES;
				INFOPLIST_KEY_UILaunchScreen_Generation = YES;
				IPHONEOS_DEPLOYMENT_TARGET = 18.0;
				LD_RUNPATH_SEARCH_PATHS = (
					"$(inherited)",
					"@executable_path/Frameworks",
				);
				MARKETING_VERSION = 1.0.0;
				PRODUCT_BUNDLE_IDENTIFIER = com.volleycoach.app;
				SDKROOT = iphoneos;
				TARGETED_DEVICE_FAMILY = "1,2";
			};
			name = Release;
		};
		BEC7A705161BB843DD956390 /* Release */ = {
			isa = XCBuildConfiguration;
			buildSettings = {
				ALWAYS_SEARCH_USER_PATHS = NO;
				CLANG_ANALYZER_NONNULL = YES;
				CLANG_ANALYZER_NUMBER_OBJECT_CONVERSION = YES_AGGRESSIVE;
				CLANG_CXX_LANGUAGE_STANDARD = "gnu++14";
				CLANG_CXX_LIBRARY = "libc++";
				CLANG_ENABLE_MODULES = YES;
				CLANG_ENABLE_OBJC_ARC = YES;
				CLANG_ENABLE_OBJC_WEAK = YES;
				CLANG_WARN_BLOCK_CAPTURE_AUTORELEASING = YES;
				CLANG_WARN_BOOL_CONVERSION = YES;
				CLANG_WARN_COMMA = YES;
				CLANG_WARN_CONSTANT_CONVERSION = YES;
				CLANG_WARN_DEPRECATED_OBJC_IMPLEMENTATIONS = YES;
				CLANG_WARN_DIRECT_OBJC_ISA_USAGE = YES_ERROR;
				CLANG_WARN_DOCUMENTATION_COMMENTS = YES;
				CLANG_WARN_EMPTY_BODY = YES;
				CLANG_WARN_ENUM_CONVERSION = YES;
				CLANG_WARN_INFINITE_RECURSION = YES;
				CLANG_WARN_INT_CONVERSION = YES;
				CLANG_WARN_NON_LITERAL_NULL_CONVERSION = YES;
				CLANG_WARN_OBJC_IMPLICIT_RETAIN_SELF = YES;
				CLANG_WARN_OBJC_LITERAL_CONVERSION = YES;
				CLANG_WARN_OBJC_ROOT_CLASS = YES_ERROR;
				CLANG_WARN_QUOTED_INCLUDE_IN_FRAMEWORK_HEADER = YES;
				CLANG_WARN_RANGE_LOOP_ANALYSIS = YES;
				CLANG_WARN_STRICT_PROTOTYPES = YES;
				CLANG_WARN_SUSPICIOUS_MOVE = YES;
				CLANG_WARN_UNGUARDED_AVAILABILITY = YES_AGGRESSIVE;
				CLANG_WARN_UNREACHABLE_CODE = YES;
				CLANG_WARN__DUPLICATE_METHOD_MATCH = YES;
				COPY_PHASE_STRIP = NO;
				DEBUG_INFORMATION_FORMAT = "dwarf-with-dsym";
				ENABLE_NS_ASSERTIONS = NO;
				ENABLE_STRICT_OBJC_MSGSEND = YES;
				GCC_C_LANGUAGE_STANDARD = gnu11;
				GCC_NO_COMMON_BLOCKS = YES;
				GCC_WARN_64_TO_32_BIT_CONVERSION = YES;
				GCC_WARN_ABOUT_RETURN_TYPE = YES_ERROR;
				GCC_WARN_UNDECLARED_SELECTOR = YES;
				GCC_WARN_UNINITIALIZED_AUTOS = YES_AGGRESSIVE;
				GCC_WARN_UNUSED_FUNCTION = YES;
				GCC_WARN_UNUSED_VARIABLE = YES;
				IPHONEOS_DEPLOYMENT_TARGET = 18.0;
				MTL_ENABLE_DEBUG_INFO = NO;
				MTL_FAST_MATH = YES;
				PRODUCT_NAME = "$(TARGET_NAME)";
				SDKROOT = iphoneos;
				SWIFT_COMPILATION_MODE = wholemodule;
				SWIFT_OPTIMIZATION_LEVEL = "-O";
				SWIFT_VERSION = 5.10;
			};
			name = Release;
		};
		C03B2301DE04F6E00825C1E5 /* Debug */ = {
			isa = XCBuildConfiguration;
			buildSettings = {
				ALWAYS_SEARCH_USER_PATHS = NO;
				CLANG_ANALYZER_NONNULL = YES;
				CLANG_ANALYZER_NUMBER_OBJECT_CONVERSION = YES_AGGRESSIVE;
				CLANG_CXX_LANGUAGE_STANDARD = "gnu++14";
				CLANG_CXX_LIBRARY = "libc++";
				CLANG_ENABLE_MODULES = YES;
				CLANG_ENABLE_OBJC_ARC = YES;
				CLANG_ENABLE_OBJC_WEAK = YES;
				CLANG_WARN_BLOCK_CAPTURE_AUTORELEASING = YES;
				CLANG_WARN_BOOL_CONVERSION = YES;
				CLANG_WARN_COMMA = YES;
				CLANG_WARN_CONSTANT_CONVERSION = YES;
				CLANG_WARN_DEPRECATED_OBJC_IMPLEMENTATIONS = YES;
				CLANG_WARN_DIRECT_OBJC_ISA_USAGE = YES_ERROR;
				CLANG_WARN_DOCUMENTATION_COMMENTS = YES;
				CLANG_WARN_EMPTY_BODY = YES;
				CLANG_WARN_ENUM_CONVERSION = YES;
				CLANG_WARN_INFINITE_RECURSION = YES;
				CLANG_WARN_INT_CONVERSION = YES;
				CLANG_WARN_NON_LITERAL_NULL_CONVERSION = YES;
				CLANG_WARN_OBJC_IMPLICIT_RETAIN_SELF = YES;
				CLANG_WARN_OBJC_LITERAL_CONVERSION = YES;
				CLANG_WARN_OBJC_ROOT_CLASS = YES_ERROR;
				CLANG_WARN_QUOTED_INCLUDE_IN_FRAMEWORK_HEADER = YES;
				CLANG_WARN_RANGE_LOOP_ANALYSIS = YES;
				CLANG_WARN_STRICT_PROTOTYPES = YES;
				CLANG_WARN_SUSPICIOUS_MOVE = YES;
				CLANG_WARN_UNGUARDED_AVAILABILITY = YES_AGGRESSIVE;
				CLANG_WARN_UNREACHABLE_CODE = YES;
				CLANG_WARN__DUPLICATE_METHOD_MATCH = YES;
				COPY_PHASE_STRIP = NO;
				DEBUG_INFORMATION_FORMAT = dwarf;
				ENABLE_STRICT_OBJC_MSGSEND = YES;
				ENABLE_TESTABILITY = YES;
				GCC_C_LANGUAGE_STANDARD = gnu11;
				GCC_DYNAMIC_NO_PIC = NO;
				GCC_NO_COMMON_BLOCKS = YES;
				GCC_OPTIMIZATION_LEVEL = 0;
				GCC_PREPROCESSOR_DEFINITIONS = (
					"$(inherited)",
					"DEBUG=1",
				);
				GCC_WARN_64_TO_32_BIT_CONVERSION = YES;
				GCC_WARN_ABOUT_RETURN_TYPE = YES_ERROR;
				GCC_WARN_UNDECLARED_SELECTOR = YES;
				GCC_WARN_UNINITIALIZED_AUTOS = YES_AGGRESSIVE;
				GCC_WARN_UNUSED_FUNCTION = YES;
				GCC_WARN_UNUSED_VARIABLE = YES;
				IPHONEOS_DEPLOYMENT_TARGET = 18.0;
				MTL_ENABLE_DEBUG_INFO = INCLUDE_SOURCE;
				MTL_FAST_MATH = YES;
				ONLY_ACTIVE_ARCH = YES;
				PRODUCT_NAME = "$(TARGET_NAME)";
				SDKROOT = iphoneos;
				SWIFT_ACTIVE_COMPILATION_CONDITIONS = DEBUG;
				SWIFT_OPTIMIZATION_LEVEL = "-Onone";
				SWIFT_VERSION = 5.10;
			};
			name = Debug;
		};
		E31EB8355534DD81FF2155F6 /* Debug */ = {
			isa = XCBuildConfiguration;
			buildSettings = {
				ASSETCATALOG_COMPILER_APPICON_NAME = AppIcon;
				CODE_SIGN_IDENTITY = "iPhone Developer";
				CURRENT_PROJECT_VERSION = 1;
				DEVELOPMENT_TEAM = "";
				GENERATE_INFOPLIST_FILE = YES;
				INFOPLIST_KEY_NSCameraUsageDescription = "Take photos directly for player profiles.";
				INFOPLIST_KEY_NSPhotoLibraryAddUsageDescription = "Save photos to your photo library.";
				INFOPLIST_KEY_NSPhotoLibraryUsageDescription = "Add player and coach profile photos.";
				INFOPLIST_KEY_UIApplicationSceneManifest_Generation = YES;
				INFOPLIST_KEY_UILaunchScreen_Generation = YES;
				IPHONEOS_DEPLOYMENT_TARGET = 18.0;
				LD_RUNPATH_SEARCH_PATHS = (
					"$(inherited)",
					"@executable_path/Frameworks",
				);
				MARKETING_VERSION = 1.0.0;
				PRODUCT_BUNDLE_IDENTIFIER = com.volleycoach.app;
				SDKROOT = iphoneos;
				TARGETED_DEVICE_FAMILY = "1,2";
			};
			name = Debug;
		};
/* End XCBuildConfiguration section */

/* Begin XCConfigurationList section */
		0E8B0763C706C6E0E909DBE9 /* Build configuration list for PBXProject "VolleyCoach" */ = {
			isa = XCConfigurationList;
			buildConfigurations = (
				C03B2301DE04F6E00825C1E5 /* Debug */,
				BEC7A705161BB843DD956390 /* Release */,
			);
			defaultConfigurationIsVisible = 0;
			defaultConfigurationName = Debug;
		};
		33BF5768671650C79B13E061 /* Build configuration list for PBXNativeTarget "VolleyCoach" */ = {
			isa = XCConfigurationList;
			buildConfigurations = (
				E31EB8355534DD81FF2155F6 /* Debug */,
				5881DC99025089318E426EDA /* Release */,
			);
			defaultConfigurationIsVisible = 0;
			defaultConfigurationName = Debug;
		};
/* End XCConfigurationList section */
	};
	rootObject = 4CB7E16F83294FBBCF224905 /* Project object */;
}
